
Microsoft Visual Studio Solution File, Format Version 12.00
# Visual Studio Version 17
VisualStudioVersion = 17.4.33205.214
MinimumVisualStudioVersion = 10.0.40219.1
Project("{FAE04EC0-301F-11D3-BF4B-00C04F79EFBC}") = "EmpManagementProblem", "EmpManagementProblem\EmpManagementProblem.csproj", "{6D174E9E-836F-47B5-8F61-F648685B908E}"
EndProject
Global
	GlobalSection(SolutionConfigurationPlatforms) = preSolution
		Debug|Any CPU = Debug|Any CPU
		Release|Any CPU = Release|Any CPU
	EndGlobalSection
	GlobalSection(ProjectConfigurationPlatforms) = postSolution
		{6D174E9E-836F-47B5-8F61-F648685B908E}.Debug|Any CPU.ActiveCfg = Debug|Any CPU
		{6D174E9E-836F-47B5-8F61-F648685B908E}.Debug|Any CPU.Build.0 = Debug|Any CPU
		{6D174E9E-836F-47B5-8F61-F648685B908E}.Release|Any CPU.ActiveCfg = Release|Any CPU
		{6D174E9E-836F-47B5-8F61-F648685B908E}.Release|Any CPU.Build.0 = Release|Any CPU
	EndGlobalSection
	GlobalSection(SolutionProperties) = preSolution
		HideSolutionNode = FALSE
	EndGlobalSection
	GlobalSection(ExtensibilityGlobals) = postSolution
		SolutionGuid = {065374A2-6949-48F8-849D-0D302DF91B71}
	EndGlobalSection
EndGlobal
